// !$*UTF8*$!
{
	archiveVersion = 1;
	classes = {
	};
	objectVersion = 46;
	objects = {

/* Begin PBXBuildFile section */
		B989A0161A8F974A00E2EE96 /* AppDelegate.swift in Sources */ = {isa = PBXBuildFile; fileRef = B989A0151A8F974A00E2EE96 /* AppDelegate.swift */; };
		B989A0181A8F974A00E2EE96 /* ViewController.swift in Sources */ = {isa = PBXBuildFile; fileRef = B989A0171A8F974A00E2EE96 /* ViewController.swift */; };
		B989A01B1A8F974A00E2EE96 /* Main.storyboard in Resources */ = {isa = PBXBuildFile; fileRef = B989A0191A8F974A00E2EE96 /* Main.storyboard */; };
		B989A01D1A8F974A00E2EE96 /* Images.xcassets in Resources */ = {isa = PBXBuildFile; fileRef = B989A01C1A8F974A00E2EE96 /* Images.xcassets */; };
		B989A0201A8F974A00E2EE96 /* LaunchScreen.xib in Resources */ = {isa = PBXBuildFile; fileRef = B989A01E1A8F974A00E2EE96 /* LaunchScreen.xib */; };
		B989A02C1A8F974A00E2EE96 /* TestAppLaunchImage02Tests.swift in Sources */ = {isa = PBXBuildFile; fileRef = B989A02B1A8F974A00E2EE96 /* TestAppLaunchImage02Tests.swift */; };
/* End PBXBuildFile section */

/* Begin PBXContainerItemProxy section */
		B989A0261A8F974A00E2EE96 /* PBXContainerItemProxy */ = {
			isa = PBXContainerItemProxy;
			containerPortal = B989A0081A8F974900E2EE96 /* Project object */;
			proxyType = 1;
			remoteGlobalIDString = B989A00F1A8F974900E2EE96;
			remoteInfo = TestAppLaunchImage02;
		};
/* End PBXContainerItemProxy section */

/* Begin PBXFileReference section */
		B989A0101A8F974A00E2EE96 /* TestAppLaunchImage02.app */ = {isa = PBXFileReference; explicitFileType = wrapper.application; includeInIndex = 0; path = TestAppLaunchImage02.app; sourceTree = BUILT_PRODUCTS_DIR; };
		B989A0141A8F974A00E2EE96 /* Info.plist */ = {isa = PBXFileReference; lastKnownFileType = text.plist.xml; path = Info.plist; sourceTree = "<group>"; };
		B989A0151A8F974A00E2EE96 /* AppDelegate.swift */ = {isa = PBXFileReference; lastKnownFileType = sourcecode.swift; path = AppDelegate.swift; sourceTree = "<group>"; };
		B989A0171A8F974A00E2EE96 /* ViewController.swift */ = {isa = PBXFileReference; lastKnownFileType = sourcecode.swift; path = ViewController.swift; sourceTree = "<group>"; };
		B989A01A1A8F974A00E2EE96 /* Base */ = {isa = PBXFileReference; lastKnownFileType = file.storyboard; name = Base; path = Base.lproj/Main.storyboard; sourceTree = "<group>"; };
		B989A01C1A8F974A00E2EE96 /* Images.xcassets */ = {isa = PBXFileReference; lastKnownFileType = folder.assetcatalog; path = Images.xcassets; sourceTree = "<group>"; };
		B989A01F1A8F974A00E2EE96 /* Base */ = {isa = PBXFileReference; lastKnownFileType = file.xib; name = Base; path = Base.lproj/LaunchScreen.xib; sourceTree = "<group>"; };
		B989A0251A8F974A00E2EE96 /* TestAppLaunchImage02Tests.xctest */ = {isa = PBXFileReference; explicitFileType = wrapper.cfbundle; includeInIndex = 0; path = TestAppLaunchImage02Tests.xctest; sourceTree = BUILT_PRODUCTS_DIR; };
		B989A02A1A8F974A00E2EE96 /* Info.plist */ = {isa = PBXFileReference; lastKnownFileType = text.plist.xml; path = Info.plist; sourceTree = "<group>"; };
		B989A02B1A8F974A00E2EE96 /* TestAppLaunchImage02Tests.swift */ = {isa = PBXFileReference; lastKnownFileType = sourcecode.swift; path = TestAppLaunchImage02Tests.swift; sourceTree = "<group>"; };
/* End PBXFileReference section */

/* Begin PBXFrameworksBuildPhase section */
		B989A00D1A8F974900E2EE96 /* Frameworks */ = {
			isa = PBXFrameworksBuildPhase;
			buildActionMask = 2147483647;
			files = (
			);
			runOnlyForDeploymentPostprocessing = 0;
		};
		B989A0221A8F974A00E2EE96 /* Frameworks */ = {
			isa = PBXFrameworksBuildPhase;
			buildActionMask = 2147483647;
			files = (
			);
			runOnlyForDeploymentPostprocessing = 0;
		};
/* End PBXFrameworksBuildPhase section */

/* Begin PBXGroup section */
		B989A0071A8F974900E2EE96 = {
			isa = PBXGroup;
			children = (
				B989A0121A8F974A00E2EE96 /* TestAppLaunchImage02 */,
				B989A0281A8F974A00E2EE96 /* TestAppLaunchImage02Tests */,
				B989A0111A8F974A00E2EE96 /* Products */,
			);
			sourceTree = "<group>";
		};
		B989A0111A8F974A00E2EE96 /* Products */ = {
			isa = PBXGroup;
			children = (
				B989A0101A8F974A00E2EE96 /* TestAppLaunchImage02.app */,
				B989A0251A8F974A00E2EE96 /* TestAppLaunchImage02Tests.xctest */,
			);
			name = Products;
			sourceTree = "<group>";
		};
		B989A0121A8F974A00E2EE96 /* TestAppLaunchImage02 */ = {
			isa = PBXGroup;
			children = (
				B989A0151A8F974A00E2EE96 /* AppDelegate.swift */,
				B989A0171A8F974A00E2EE96 /* ViewController.swift */,
				B989A0191A8F974A00E2EE96 /* Main.storyboard */,
				B989A01C1A8F974A00E2EE96 /* Images.xcassets */,
				B989A01E1A8F974A00E2EE96 /* LaunchScreen.xib */,
				B989A0131A8F974A00E2EE96 /* Supporting Files */,
			);
			path = TestAppLaunchImage02;
			sourceTree = "<group>";
		};
		B989A0131A8F974A00E2EE96 /* Supporting Files */ = {
			isa = PBXGroup;
			children = (
				B989A0141A8F974A00E2EE96 /* Info.plist */,
			);
			name = "Supporting Files";
			sourceTree = "<group>";
		};
		B989A0281A8F974A00E2EE96 /* TestAppLaunchImage02Tests */ = {
			isa = PBXGroup;
			children = (
				B989A02B1A8F974A00E2EE96 /* TestAppLaunchImage02Tests.swift */,
				B989A0291A8F974A00E2EE96 /* Supporting Files */,
			);
			path = TestAppLaunchImage02Tests;
			sourceTree = "<group>";
		};
		B989A0291A8F974A00E2EE96 /* Supporting Files */ = {
			isa = PBXGroup;
			children = (
				B989A02A1A8F974A00E2EE96 /* Info.plist */,
			);
			name = "Supporting Files";
			sourceTree = "<group>";
		};
/* End PBXGroup section */

/* Begin PBXNativeTarget section */
		B989A00F1A8F974900E2EE96 /* TestAppLaunchImage02 */ = {
			isa = PBXNativeTarget;
			buildConfigurationList = B989A02F1A8F974A00E2EE96 /* Build configuration list for PBXNativeTarget "TestAppLaunchImage02" */;
			buildPhases = (
				B989A00C1A8F974900E2EE96 /* Sources */,
				B989A00D1A8F974900E2EE96 /* Frameworks */,
				B989A00E1A8F974900E2EE96 /* Resources */,
			);
			buildRules = (
			);
			dependencies = (
			);
			name = TestAppLaunchImage02;
			productName = TestAppLaunchImage02;
			productReference = B989A0101A8F974A00E2EE96 /* TestAppLaunchImage02.app */;
			productType = "com.apple.product-type.application";
		};
		B989A0241A8F974A00E2EE96 /* TestAppLaunchImage02Tests */ = {
			isa = PBXNativeTarget;
			buildConfigurationList = B989A0321A8F974A00E2EE96 /* Build configuration list for PBXNativeTarget "TestAppLaunchImage02Tests" */;
			buildPhases = (
				B989A0211A8F974A00E2EE96 /* Sources */,
				B989A0221A8F974A00E2EE96 /* Frameworks */,
				B989A0231A8F974A00E2EE96 /* Resources */,
			);
			buildRules = (
			);
			dependencies = (
				B989A0271A8F974A00E2EE96 /* PBXTargetDependency */,
			);
			name = TestAppLaunchImage02Tests;
			productName = TestAppLaunchImage02Tests;
			productReference = B989A0251A8F974A00E2EE96 /* TestAppLaunchImage02Tests.xctest */;
			productType = "com.apple.product-type.bundle.unit-test";
		};
/* End PBXNativeTarget section */

/* Begin PBXProject section */
		B989A0081A8F974900E2EE96 /* Project object */ = {
			isa = PBXProject;
			attributes = {
				LastUpgradeCheck = 0600;
				ORGANIZATIONNAME = matsuhisa.hironobu;
				TargetAttributes = {
					B989A00F1A8F974900E2EE96 = {
						CreatedOnToolsVersion = 6.0;
					};
					B989A0241A8F974A00E2EE96 = {
						CreatedOnToolsVersion = 6.0;
						TestTargetID = B989A00F1A8F974900E2EE96;
					};
				};
			};
			buildConfigurationList = B989A00B1A8F974900E2EE96 /* Build configuration list for PBXProject "TestAppLaunchImage02" */;
			compatibilityVersion = "Xcode 3.2";
			developmentRegion = English;
			hasScannedForEncodings = 0;
			knownRegions = (
				en,
				Base,
			);
			mainGroup = B989A0071A8F974900E2EE96;
			productRefGroup = B989A0111A8F974A00E2EE96 /* Products */;
			projectDirPath = "";
			projectRoot = "";
			targets = (
				B989A00F1A8F974900E2EE96 /* TestAppLaunchImage02 */,
				B989A0241A8F974A00E2EE96 /* TestAppLaunchImage02Tests */,
			);
		};
/* End PBXProject section */

/* Begin PBXResourcesBuildPhase section */
		B989A00E1A8F974900E2EE96 /* Resources */ = {
			isa = PBXResourcesBuildPhase;
			buildActionMask = 2147483647;
			files = (
				B989A01B1A8F974A00E2EE96 /* Main.storyboard in Resources */,
				B989A0201A8F974A00E2EE96 /* LaunchScreen.xib in Resources */,
				B989A01D1A8F974A00E2EE96 /* Images.xcassets in Resources */,
			);
			runOnlyForDeploymentPostprocessing = 0;
		};
		B989A0231A8F974A00E2EE96 /* Resources */ = {
			isa = PBXResourcesBuildPhase;
			buildActionMask = 2147483647;
			files = (
			);
			runOnlyForDeploymentPostprocessing = 0;
		};
/* End PBXResourcesBuildPhase section */

/* Begin PBXSourcesBuildPhase section */
		B989A00C1A8F974900E2EE96 /* Sources */ = {
			isa = PBXSourcesBuildPhase;
			buildActionMask = 2147483647;
			files = (
				B989A0181A8F974A00E2EE96 /* ViewController.swift in Sources */,
				B989A0161A8F974A00E2EE96 /* AppDelegate.swift in Sources */,
			);
			runOnlyForDeploymentPostprocessing = 0;
		};
		B989A0211A8F974A00E2EE96 /* Sources */ = {
			isa = PBXSourcesBuildPhase;
			buildActionMask = 2147483647;
			files = (
				B989A02C1A8F974A00E2EE96 /* TestAppLaunchImage02Tests.swift in Sources */,
			);
			runOnlyForDeploymentPostprocessing = 0;
		};
/* End PBXSourcesBuildPhase section */

/* Begin PBXTargetDependency section */
		B989A0271A8F974A00E2EE96 /* PBXTargetDependency */ = {
			isa = PBXTargetDependency;
			target = B989A00F1A8F974900E2EE96 /* TestAppLaunchImage02 */;
			targetProxy = B989A0261A8F974A00E2EE96 /* PBXContainerItemProxy */;
		};
/* End PBXTargetDependency section */

/* Begin PBXVariantGroup section */
		B989A0191A8F974A00E2EE96 /* Main.storyboard */ = {
			isa = PBXVariantGroup;
			children = (
				B989A01A1A8F974A00E2EE96 /* Base */,
			);
			name = Main.storyboard;
			sourceTree = "<group>";
		};
		B989A01E1A8F974A00E2EE96 /* LaunchScreen.xib */ = {
			isa = PBXVariantGroup;
			children = (
				B989A01F1A8F974A00E2EE96 /* Base */,
			);
			name = LaunchScreen.xib;
			sourceTree = "<group>";
		};
/* End PBXVariantGroup section */

/* Begin XCBuildConfiguration section */
		B989A02D1A8F974A00E2EE96 /* Debug */ = {
			isa = XCBuildConfiguration;
			buildSettings = {
				ALWAYS_SEARCH_USER_PATHS = NO;
				CLANG_CXX_LANGUAGE_STANDARD = "gnu++0x";
				CLANG_CXX_LIBRARY = "libc++";
				CLANG_ENABLE_MODULES = YES;
				CLANG_ENABLE_OBJC_ARC = YES;
				CLANG_WARN_BOOL_CONVERSION = YES;
				CLANG_WARN_CONSTANT_CONVERSION = YES;
				CLANG_WARN_DIRECT_OBJC_ISA_USAGE = YES_ERROR;
				CLANG_WARN_EMPTY_BODY = YES;
				CLANG_WARN_ENUM_CONVERSION = YES;
				CLANG_WARN_INT_CONVERSION = YES;
				CLANG_WARN_OBJC_ROOT_CLASS = YES_ERROR;
				CLANG_WARN_UNREACHABLE_CODE = YES;
				CLANG_WARN__DUPLICATE_METHOD_MATCH = YES;
				"CODE_SIGN_IDENTITY[sdk=iphoneos*]" = "iPhone Developer";
				COPY_PHASE_STRIP = NO;
				ENABLE_STRICT_OBJC_MSGSEND = YES;
				GCC_C_LANGUAGE_STANDARD = gnu99;
				GCC_DYNAMIC_NO_PIC = NO;
				GCC_OPTIMIZATION_LEVEL = 0;
				GCC_PREPROCESSOR_DEFINITIONS = (
					"DEBUG=1",
					"$(inherited)",
				);
				GCC_SYMBOLS_PRIVATE_EXTERN = NO;
				GCC_WARN_64_TO_32_BIT_CONVERSION = YES;
				GCC_WARN_ABOUT_RETURN_TYPE = YES_ERROR;
				GCC_WARN_UNDECLARED_SELECTOR = YES;
				GCC_WARN_UNINITIALIZED_AUTOS = YES_AGGRESSIVE;
				GCC_WARN_UNUSED_FUNCTION = YES;
				GCC_WARN_UNUSED_VARIABLE = YES;
				IPHONEOS_DEPLOYMENT_TARGET = 8.0;
				MTL_ENABLE_DEBUG_INFO = YES;
				ONLY_ACTIVE_ARCH = YES;
				SDKROOT = iphoneos;
				SWIFT_OPTIMIZATION_LEVEL = "-Onone";
				TARGETED_DEVICE_FAMILY = "1,2";
			};
			name = Debug;
		};
		B989A02E1A8F974A00E2EE96 /* Release */ = {
			isa = XCBuildConfiguration;
			buildSettings = {
				ALWAYS_SEARCH_USER_PATHS = NO;
				CLANG_CXX_LANGUAGE_STANDARD = "gnu++0x";
				CLANG_CXX_LIBRARY = "libc++";
				CLANG_ENABLE_MODULES = YES;
				CLANG_ENABLE_OBJC_ARC = YES;
				CLANG_WARN_BOOL_CONVERSION = YES;
				CLANG_WARN_CONSTANT_CONVERSION = YES;
				CLANG_WARN_DIRECT_OBJC_ISA_USAGE = YES_ERROR;
				CLANG_WARN_EMPTY_BODY = YES;
				CLANG_WARN_ENUM_CONVERSION = YES;
				CLANG_WARN_INT_CONVERSION = YES;
				CLANG_WARN_OBJC_ROOT_CLASS = YES_ERROR;
				CLANG_WARN_UNREACHABLE_CODE = YES;
				CLANG_WARN__DUPLICATE_METHOD_MATCH = YES;
				"CODE_SIGN_IDENTITY[sdk=iphoneos*]" = "iPhone Developer";
				COPY_PHASE_STRIP = YES;
				ENABLE_NS_ASSERTIONS = NO;
				ENABLE_STRICT_OBJC_MSGSEND = YES;
				GCC_C_LANGUAGE_STANDARD = gnu99;
				GCC_WARN_64_TO_32_BIT_CONVERSION = YES;
				GCC_WARN_ABOUT_RETURN_TYPE = YES_ERROR;
				GCC_WARN_UNDECLARED_SELECTOR = YES;
				GCC_WARN_UNINITIALIZED_AUTOS = YES_AGGRESSIVE;
				GCC_WARN_UNUSED_FUNCTION = YES;
				GCC_WARN_UNUSED_VARIABLE = YES;
				IPHONEOS_DEPLOYMENT_TARGET = 8.0;
				MTL_ENABLE_DEBUG_INFO = NO;
				SDKROOT = iphoneos;
				TARGETED_DEVICE_FAMILY = "1,2";
				VALIDATE_PRODUCT = YES;
			};
			name = Release;
		};
		B989A0301A8F974A00E2EE96 /* Debug */ = {
			isa = XCBuildConfiguration;
			buildSettings = {
				ASSETCATALOG_COMPILER_APPICON_NAME = AppIcon;
				INFOPLIST_FILE = TestAppLaunchImage02/Info.plist;
				LD_RUNPATH_SEARCH_PATHS = "$(inherited) @executable_path/Frameworks";
				PRODUCT_NAME = "$(TARGET_NAME)";
			};
			name = Debug;
		};
		B989A0311A8F974A00E2EE96 /* Release */ = {
			isa = XCBuildConfiguration;
			buildSettings = {
				ASSETCATALOG_COMPILER_APPICON_NAME = AppIcon;
				INFOPLIST_FILE = TestAppLaunchImage02/Info.plist;
				LD_RUNPATH_SEARCH_PATHS = "$(inherited) @executable_path/Frameworks";
				PRODUCT_NAME = "$(TARGET_NAME)";
			};
			name = Release;
		};
		B989A0331A8F974A00E2EE96 /* Debug */ = {
			isa = XCBuildConfiguration;
			buildSettings = {
				BUNDLE_LOADER = "$(TEST_HOST)";
				FRAMEWORK_SEARCH_PATHS = (
					"$(SDKROOT)/Developer/Library/Frameworks",
					"$(inherited)",
				);
				GCC_PREPROCESSOR_DEFINITIONS = (
					"DEBUG=1",
					"$(inherited)",
				);
				INFOPLIST_FILE = TestAppLaunchImage02Tests/Info.plist;
				LD_RUNPATH_SEARCH_PATHS = "$(inherited) @executable_path/Frameworks @loader_path/Frameworks";
				PRODUCT_NAME = "$(TARGET_NAME)";
				TEST_HOST = "$(BUILT_PRODUCTS_DIR)/TestAppLaunchImage02.app/TestAppLaunchImage02";
			};
			name = Debug;
		};
		B989A0341A8F974A00E2EE96 /* Release */ = {
			isa = XCBuildConfiguration;
			buildSettings = {
				BUNDLE_LOADER = "$(TEST_HOST)";
				FRAMEWORK_SEARCH_PATHS = (
					"$(SDKROOT)/Developer/Library/Frameworks",
					"$(inherited)",
				);
				INFOPLIST_FILE = TestAppLaunchImage02Tests/Info.plist;
				LD_RUNPATH_SEARCH_PATHS = "$(inherited) @executable_path/Frameworks @loader_path/Frameworks";
				PRODUCT_NAME = "$(TARGET_NAME)";
				TEST_HOST = "$(BUILT_PRODUCTS_DIR)/TestAppLaunchImage02.app/TestAppLaunchImage02";
			};
			name = Release;
		};
/* End XCBuildConfiguration section */

/* Begin XCConfigurationList section */
		B989A00B1A8F974900E2EE96 /* Build configuration list for PBXProject "TestAppLaunchImage02" */ = {
			isa = XCConfigurationList;
			buildConfigurations = (
				B989A02D1A8F974A00E2EE96 /* Debug */,
				B989A02E1A8F974A00E2EE96 /* Release */,
			);
			defaultConfigurationIsVisible = 0;
			defaultConfigurationName = Release;
		};
		B989A02F1A8F974A00E2EE96 /* Build configuration list for PBXNativeTarget "TestAppLaunchImage02" */ = {
			isa = XCConfigurationList;
			buildConfigurations = (
				B989A0301A8F974A00E2EE96 /* Debug */,
				B989A0311A8F974A00E2EE96 /* Release */,
			);
			defaultConfigurationIsVisible = 0;
		};
		B989A0321A8F974A00E2EE96 /* Build configuration list for PBXNativeTarget "TestAppLaunchImage02Tests" */ = {
			isa = XCConfigurationList;
			buildConfigurations = (
				B989A0331A8F974A00E2EE96 /* Debug */,
				B989A0341A8F974A00E2EE96 /* Release */,
			);
			defaultConfigurationIsVisible = 0;
		};
/* End XCConfigurationList section */
	};
	rootObject = B989A0081A8F974900E2EE96 /* Project object */;
}
